// !$*UTF8*$!
{
	archiveVersion = 1;
	classes = {
	};
	objectVersion = 56;
	objects = {

/* Begin PBXBuildFile section */
		FEA1D5F72C3862E000240831 /* ContentCapsuleApp.swift in Sources */ = {isa = PBXBuildFile; fileRef = FEA1D5F62C3862E000240831 /* ContentCapsuleApp.swift */; };
		FEA1D5F92C3862E000240831 /* ContentView.swift in Sources */ = {isa = PBXBuildFile; fileRef = FEA1D5F82C3862E000240831 /* ContentView.swift */; };
		FEA1D5FB2C3862E100240831 /* Assets.xcassets in Resources */ = {isa = PBXBuildFile; fileRef = FEA1D5FA2C3862E100240831 /* Assets.xcassets */; };
		FEA1D5FE2C3862E100240831 /* Preview Assets.xcassets in Resources */ = {isa = PBXBuildFile; fileRef = FEA1D5FD2C3862E100240831 /* Preview Assets.xcassets */; };
		FEA1D6052C38661100240831 /* GoogleService-Info.plist in Resources */ = {isa = PBXBuildFile; fileRef = FEA1D6042C38661100240831 /* GoogleService-Info.plist */; };
		FEA1D6082C38668400240831 /* FirebaseAuth in Frameworks */ = {isa = PBXBuildFile; productRef = FEA1D6072C38668400240831 /* FirebaseAuth */; };
		FEA1D60A2C38668400240831 /* FirebaseFirestore in Frameworks */ = {isa = PBXBuildFile; productRef = FEA1D6092C38668400240831 /* FirebaseFirestore */; };
		FEA1D60C2C386E8000240831 /* HomeView.swift in Sources */ = {isa = PBXBuildFile; fileRef = FEA1D60B2C386E8000240831 /* HomeView.swift */; };
		FEA1D60E2C386E9000240831 /* SearchView.swift in Sources */ = {isa = PBXBuildFile; fileRef = FEA1D60D2C386E9000240831 /* SearchView.swift */; };
		FEA1D6102C386E9A00240831 /* SaveView.swift in Sources */ = {isa = PBXBuildFile; fileRef = FEA1D60F2C386E9A00240831 /* SaveView.swift */; };
		FEA1D6122C386EAB00240831 /* ProfileView.swift in Sources */ = {isa = PBXBuildFile; fileRef = FEA1D6112C386EAB00240831 /* ProfileView.swift */; };
		FEA1D6142C38716900240831 /* AuthView.swift in Sources */ = {isa = PBXBuildFile; fileRef = FEA1D6132C38716900240831 /* AuthView.swift */; };
		FEA1D6162C3871D400240831 /* UserProfile.swift in Sources */ = {isa = PBXBuildFile; fileRef = FEA1D6152C3871D400240831 /* UserProfile.swift */; };
		FEA1D6182C3872B100240831 /* FirebaseFirestoreCombine-Community in Frameworks */ = {isa = PBXBuildFile; productRef = FEA1D6172C3872B100240831 /* FirebaseFirestoreCombine-Community */; };
		FEA1D61A2C3872B100240831 /* FirebaseFirestoreSwift in Frameworks */ = {isa = PBXBuildFile; productRef = FEA1D6192C3872B100240831 /* FirebaseFirestoreSwift */; };
		FEEC00002C399C9D00292298 /* CoreDataStack.swift in Sources */ = {isa = PBXBuildFile; fileRef = FEECFFFE2C399C9D00292298 /* CoreDataStack.swift */; };
		FEEC00022C399D9200292298 /* ContentSavingService.swift in Sources */ = {isa = PBXBuildFile; fileRef = FEECFFED2C395B5D00292298 /* ContentSavingService.swift */; };
		FEECFFD02C3950B400292298 /* DesignSystem.swift in Sources */ = {isa = PBXBuildFile; fileRef = FEECFFCF2C3950B400292298 /* DesignSystem.swift */; };
		FEECFFD32C39596300292298 /* ContentCapsule.xcdatamodeld in Sources */ = {isa = PBXBuildFile; fileRef = FEECFFD12C39596300292298 /* ContentCapsule.xcdatamodeld */; };
		FEECFFD92C395A6F00292298 /* SavedContentListView.swift in Sources */ = {isa = PBXBuildFile; fileRef = FEECFFD82C395A6F00292298 /* SavedContentListView.swift */; };
		FEECFFE12C395AA300292298 /* ShareViewController.swift in Sources */ = {isa = PBXBuildFile; fileRef = FEECFFE02C395AA300292298 /* ShareViewController.swift */; };
		FEECFFE42C395AA300292298 /* Base in Resources */ = {isa = PBXBuildFile; fileRef = FEECFFE32C395AA300292298 /* Base */; };
		FEECFFE82C395AA300292298 /* ContentCapsuleShareExtension.appex in Embed Foundation Extensions */ = {isa = PBXBuildFile; fileRef = FEECFFDE2C395AA200292298 /* ContentCapsuleShareExtension.appex */; settings = {ATTRIBUTES = (RemoveHeadersOnCopy, ); }; };
		FEECFFEE2C395B5D00292298 /* ContentSavingService.swift in Sources */ = {isa = PBXBuildFile; fileRef = FEECFFED2C395B5D00292298 /* ContentSavingService.swift */; };
		FEECFFF12C39996100292298 /* FirebaseAuth in Frameworks */ = {isa = PBXBuildFile; productRef = FEECFFF02C39996100292298 /* FirebaseAuth */; };
		FEECFFF32C39996100292298 /* FirebaseFirestore in Frameworks */ = {isa = PBXBuildFile; productRef = FEECFFF22C39996100292298 /* FirebaseFirestore */; };
		FEECFFF52C39996100292298 /* FirebaseFirestoreCombine-Community in Frameworks */ = {isa = PBXBuildFile; productRef = FEECFFF42C39996100292298 /* FirebaseFirestoreCombine-Community */; };
		FEECFFF72C39996100292298 /* FirebaseFirestoreSwift in Frameworks */ = {isa = PBXBuildFile; productRef = FEECFFF62C39996100292298 /* FirebaseFirestoreSwift */; };
		FEECFFFA2C399ABD00292298 /* SavedContent+CoreDataClass.swift in Sources */ = {isa = PBXBuildFile; fileRef = FEECFFF82C399ABD00292298 /* SavedContent+CoreDataClass.swift */; };
		FEECFFFB2C399ABD00292298 /* SavedContent+CoreDataProperties.swift in Sources */ = {isa = PBXBuildFile; fileRef = FEECFFF92C399ABD00292298 /* SavedContent+CoreDataProperties.swift */; };
		FEECFFFC2C399ABD00292298 /* SavedContent+CoreDataClass.swift in Sources */ = {isa = PBXBuildFile; fileRef = FEECFFF82C399ABD00292298 /* SavedContent+CoreDataClass.swift */; };
		FEECFFFD2C399ABD00292298 /* SavedContent+CoreDataProperties.swift in Sources */ = {isa = PBXBuildFile; fileRef = FEECFFF92C399ABD00292298 /* SavedContent+CoreDataProperties.swift */; };
		FEECFFFF2C399C9D00292298 /* CoreDataStack.swift in Sources */ = {isa = PBXBuildFile; fileRef = FEECFFFE2C399C9D00292298 /* CoreDataStack.swift */; };
/* End PBXBuildFile section */

/* Begin PBXContainerItemProxy section */
		FEECFFE62C395AA300292298 /* PBXContainerItemProxy */ = {
			isa = PBXContainerItemProxy;
			containerPortal = FEA1D5EB2C3862E000240831 /* Project object */;
			proxyType = 1;
			remoteGlobalIDString = FEECFFDD2C395AA200292298;
			remoteInfo = ContentCapsuleShareExtension;
		};
/* End PBXContainerItemProxy section */

/* Begin PBXCopyFilesBuildPhase section */
		FEECFFEC2C395AA300292298 /* Embed Foundation Extensions */ = {
			isa = PBXCopyFilesBuildPhase;
			buildActionMask = 2147483647;
			dstPath = "";
			dstSubfolderSpec = 13;
			files = (
				FEECFFE82C395AA300292298 /* ContentCapsuleShareExtension.appex in Embed Foundation Extensions */,
			);
			name = "Embed Foundation Extensions";
			runOnlyForDeploymentPostprocessing = 0;
		};
/* End PBXCopyFilesBuildPhase section */

/* Begin PBXFileReference section */
		FEA1D5F32C3862E000240831 /* ContentCapsule.app */ = {isa = PBXFileReference; explicitFileType = wrapper.application; includeInIndex = 0; path = ContentCapsule.app; sourceTree = BUILT_PRODUCTS_DIR; };
		FEA1D5F62C3862E000240831 /* ContentCapsuleApp.swift */ = {isa = PBXFileReference; lastKnownFileType = sourcecode.swift; path = ContentCapsuleApp.swift; sourceTree = "<group>"; };
		FEA1D5F82C3862E000240831 /* ContentView.swift */ = {isa = PBXFileReference; lastKnownFileType = sourcecode.swift; path = ContentView.swift; sourceTree = "<group>"; };
		FEA1D5FA2C3862E100240831 /* Assets.xcassets */ = {isa = PBXFileReference; lastKnownFileType = folder.assetcatalog; path = Assets.xcassets; sourceTree = "<group>"; };
		FEA1D5FD2C3862E100240831 /* Preview Assets.xcassets */ = {isa = PBXFileReference; lastKnownFileType = folder.assetcatalog; path = "Preview Assets.xcassets"; sourceTree = "<group>"; };
		FEA1D6042C38661100240831 /* GoogleService-Info.plist */ = {isa = PBXFileReference; fileEncoding = 4; lastKnownFileType = text.plist.xml; path = "GoogleService-Info.plist"; sourceTree = "<group>"; };
		FEA1D60B2C386E8000240831 /* HomeView.swift */ = {isa = PBXFileReference; lastKnownFileType = sourcecode.swift; path = HomeView.swift; sourceTree = "<group>"; };
		FEA1D60D2C386E9000240831 /* SearchView.swift */ = {isa = PBXFileReference; lastKnownFileType = sourcecode.swift; path = SearchView.swift; sourceTree = "<group>"; };
		FEA1D60F2C386E9A00240831 /* SaveView.swift */ = {isa = PBXFileReference; lastKnownFileType = sourcecode.swift; path = SaveView.swift; sourceTree = "<group>"; };
		FEA1D6112C386EAB00240831 /* ProfileView.swift */ = {isa = PBXFileReference; lastKnownFileType = sourcecode.swift; path = ProfileView.swift; sourceTree = "<group>"; };
		FEA1D6132C38716900240831 /* AuthView.swift */ = {isa = PBXFileReference; lastKnownFileType = sourcecode.swift; path = AuthView.swift; sourceTree = "<group>"; };
		FEA1D6152C3871D400240831 /* UserProfile.swift */ = {isa = PBXFileReference; lastKnownFileType = sourcecode.swift; path = UserProfile.swift; sourceTree = "<group>"; };
		FEA1D61B2C38BC0C00240831 /* Info.plist */ = {isa = PBXFileReference; lastKnownFileType = text.plist.xml; path = Info.plist; sourceTree = "<group>"; };
		FEC085102C39B06E00444C62 /* ContentCapsule.entitlements */ = {isa = PBXFileReference; lastKnownFileType = text.plist.entitlements; path = ContentCapsule.entitlements; sourceTree = "<group>"; };
		FEC085112C39B0BC00444C62 /* ContentCapsuleShareExtension.entitlements */ = {isa = PBXFileReference; lastKnownFileType = text.plist.entitlements; path = ContentCapsuleShareExtension.entitlements; sourceTree = "<group>"; };
		FEECFFCF2C3950B400292298 /* DesignSystem.swift */ = {isa = PBXFileReference; lastKnownFileType = sourcecode.swift; path = DesignSystem.swift; sourceTree = "<group>"; };
		FEECFFD22C39596300292298 /* ContentCapsule.xcdatamodel */ = {isa = PBXFileReference; lastKnownFileType = wrapper.xcdatamodel; path = ContentCapsule.xcdatamodel; sourceTree = "<group>"; };
		FEECFFD82C395A6F00292298 /* SavedContentListView.swift */ = {isa = PBXFileReference; lastKnownFileType = sourcecode.swift; path = SavedContentListView.swift; sourceTree = "<group>"; };
		FEECFFDE2C395AA200292298 /* ContentCapsuleShareExtension.appex */ = {isa = PBXFileReference; explicitFileType = "wrapper.app-extension"; includeInIndex = 0; path = ContentCapsuleShareExtension.appex; sourceTree = BUILT_PRODUCTS_DIR; };
		FEECFFE02C395AA300292298 /* ShareViewController.swift */ = {isa = PBXFileReference; lastKnownFileType = sourcecode.swift; path = ShareViewController.swift; sourceTree = "<group>"; };
		FEECFFE32C395AA300292298 /* Base */ = {isa = PBXFileReference; lastKnownFileType = file.storyboard; name = Base; path = Base.lproj/MainInterface.storyboard; sourceTree = "<group>"; };
		FEECFFE52C395AA300292298 /* Info.plist */ = {isa = PBXFileReference; lastKnownFileType = text.plist.xml; path = Info.plist; sourceTree = "<group>"; };
		FEECFFED2C395B5D00292298 /* ContentSavingService.swift */ = {isa = PBXFileReference; lastKnownFileType = sourcecode.swift; path = ContentSavingService.swift; sourceTree = "<group>"; };
		FEECFFF82C399ABD00292298 /* SavedContent+CoreDataClass.swift */ = {isa = PBXFileReference; lastKnownFileType = sourcecode.swift; path = "SavedContent+CoreDataClass.swift"; sourceTree = "<group>"; };
		FEECFFF92C399ABD00292298 /* SavedContent+CoreDataProperties.swift */ = {isa = PBXFileReference; lastKnownFileType = sourcecode.swift; path = "SavedContent+CoreDataProperties.swift"; sourceTree = "<group>"; };
		FEECFFFE2C399C9D00292298 /* CoreDataStack.swift */ = {isa = PBXFileReference; lastKnownFileType = sourcecode.swift; path = CoreDataStack.swift; sourceTree = "<group>"; };
/* End PBXFileReference section */

/* Begin PBXFrameworksBuildPhase section */
		FEA1D5F02C3862E000240831 /* Frameworks */ = {
			isa = PBXFrameworksBuildPhase;
			buildActionMask = 2147483647;
			files = (
				FEA1D6182C3872B100240831 /* FirebaseFirestoreCombine-Community in Frameworks */,
				FEA1D6082C38668400240831 /* FirebaseAuth in Frameworks */,
				FEA1D60A2C38668400240831 /* FirebaseFirestore in Frameworks */,
				FEA1D61A2C3872B100240831 /* FirebaseFirestoreSwift in Frameworks */,
			);
			runOnlyForDeploymentPostprocessing = 0;
		};
		FEECFFDB2C395AA200292298 /* Frameworks */ = {
			isa = PBXFrameworksBuildPhase;
			buildActionMask = 2147483647;
			files = (
				FEECFFF52C39996100292298 /* FirebaseFirestoreCombine-Community in Frameworks */,
				FEECFFF12C39996100292298 /* FirebaseAuth in Frameworks */,
				FEECFFF32C39996100292298 /* FirebaseFirestore in Frameworks */,
				FEECFFF72C39996100292298 /* FirebaseFirestoreSwift in Frameworks */,
			);
			runOnlyForDeploymentPostprocessing = 0;
		};
/* End PBXFrameworksBuildPhase section */

/* Begin PBXGroup section */
		FEA1D5EA2C3862E000240831 = {
			isa = PBXGroup;
			children = (
				FEEC00012C399D7500292298 /* Shared */,
				FEA1D5F52C3862E000240831 /* ContentCapsule */,
				FEECFFDF2C395AA300292298 /* ContentCapsuleShareExtension */,
				FEA1D5F42C3862E000240831 /* Products */,
			);
			sourceTree = "<group>";
		};
		FEA1D5F42C3862E000240831 /* Products */ = {
			isa = PBXGroup;
			children = (
				FEA1D5F32C3862E000240831 /* ContentCapsule.app */,
				FEECFFDE2C395AA200292298 /* ContentCapsuleShareExtension.appex */,
			);
			name = Products;
			sourceTree = "<group>";
		};
		FEA1D5F52C3862E000240831 /* ContentCapsule */ = {
			isa = PBXGroup;
			children = (
				FEC085102C39B06E00444C62 /* ContentCapsule.entitlements */,
				FEECFFF92C399ABD00292298 /* SavedContent+CoreDataProperties.swift */,
				FEECFFF82C399ABD00292298 /* SavedContent+CoreDataClass.swift */,
				FEECFFD12C39596300292298 /* ContentCapsule.xcdatamodeld */,
				FEA1D5F62C3862E000240831 /* ContentCapsuleApp.swift */,
				FEA1D5F82C3862E000240831 /* ContentView.swift */,
				FEA1D5FA2C3862E100240831 /* Assets.xcassets */,
				FEA1D6042C38661100240831 /* GoogleService-Info.plist */,
				FEA1D5FC2C3862E100240831 /* Preview Content */,
				FEA1D60B2C386E8000240831 /* HomeView.swift */,
				FEA1D60D2C386E9000240831 /* SearchView.swift */,
				FEA1D60F2C386E9A00240831 /* SaveView.swift */,
				FEA1D6112C386EAB00240831 /* ProfileView.swift */,
				FEA1D6132C38716900240831 /* AuthView.swift */,
				FEA1D6152C3871D400240831 /* UserProfile.swift */,
				FEA1D61B2C38BC0C00240831 /* Info.plist */,
				FEECFFCF2C3950B400292298 /* DesignSystem.swift */,
				FEECFFD82C395A6F00292298 /* SavedContentListView.swift */,
				FEECFFFE2C399C9D00292298 /* CoreDataStack.swift */,
			);
			path = ContentCapsule;
			sourceTree = "<group>";
		};
		FEA1D5FC2C3862E100240831 /* Preview Content */ = {
			isa = PBXGroup;
			children = (
				FEA1D5FD2C3862E100240831 /* Preview Assets.xcassets */,
			);
			path = "Preview Content";
			sourceTree = "<group>";
		};
		FEEC00012C399D7500292298 /* Shared */ = {
			isa = PBXGroup;
			children = (
				FEECFFED2C395B5D00292298 /* ContentSavingService.swift */,
			);
			path = Shared;
			sourceTree = "<group>";
		};
		FEECFFDF2C395AA300292298 /* ContentCapsuleShareExtension */ = {
			isa = PBXGroup;
			children = (
				FEC085112C39B0BC00444C62 /* ContentCapsuleShareExtension.entitlements */,
				FEECFFE02C395AA300292298 /* ShareViewController.swift */,
				FEECFFE22C395AA300292298 /* MainInterface.storyboard */,
				FEECFFE52C395AA300292298 /* Info.plist */,
			);
			path = ContentCapsuleShareExtension;
			sourceTree = "<group>";
		};
/* End PBXGroup section */

/* Begin PBXNativeTarget section */
		FEA1D5F22C3862E000240831 /* ContentCapsule */ = {
			isa = PBXNativeTarget;
			buildConfigurationList = FEA1D6012C3862E100240831 /* Build configuration list for PBXNativeTarget "ContentCapsule" */;
			buildPhases = (
				FEA1D5EF2C3862E000240831 /* Sources */,
				FEA1D5F02C3862E000240831 /* Frameworks */,
				FEA1D5F12C3862E000240831 /* Resources */,
				FEECFFEC2C395AA300292298 /* Embed Foundation Extensions */,
			);
			buildRules = (
			);
			dependencies = (
				FEECFFE72C395AA300292298 /* PBXTargetDependency */,
			);
			name = ContentCapsule;
			packageProductDependencies = (
				FEA1D6072C38668400240831 /* FirebaseAuth */,
				FEA1D6092C38668400240831 /* FirebaseFirestore */,
				FEA1D6172C3872B100240831 /* FirebaseFirestoreCombine-Community */,
				FEA1D6192C3872B100240831 /* FirebaseFirestoreSwift */,
			);
			productName = ContentCapsule;
			productReference = FEA1D5F32C3862E000240831 /* ContentCapsule.app */;
			productType = "com.apple.product-type.application";
		};
		FEECFFDD2C395AA200292298 /* ContentCapsuleShareExtension */ = {
			isa = PBXNativeTarget;
			buildConfigurationList = FEECFFE92C395AA300292298 /* Build configuration list for PBXNativeTarget "ContentCapsuleShareExtension" */;
			buildPhases = (
				FEECFFDA2C395AA200292298 /* Sources */,
				FEECFFDB2C395AA200292298 /* Frameworks */,
				FEECFFDC2C395AA200292298 /* Resources */,
			);
			buildRules = (
			);
			dependencies = (
			);
			name = ContentCapsuleShareExtension;
			packageProductDependencies = (
				FEECFFF02C39996100292298 /* FirebaseAuth */,
				FEECFFF22C39996100292298 /* FirebaseFirestore */,
				FEECFFF42C39996100292298 /* FirebaseFirestoreCombine-Community */,
				FEECFFF62C39996100292298 /* FirebaseFirestoreSwift */,
			);
			productName = ContentCapsuleShareExtension;
			productReference = FEECFFDE2C395AA200292298 /* ContentCapsuleShareExtension.appex */;
			productType = "com.apple.product-type.app-extension";
		};
/* End PBXNativeTarget section */

/* Begin PBXProject section */
		FEA1D5EB2C3862E000240831 /* Project object */ = {
			isa = PBXProject;
			attributes = {
				BuildIndependentTargetsInParallel = 1;
				LastSwiftUpdateCheck = 1540;
				LastUpgradeCheck = 1540;
				TargetAttributes = {
					FEA1D5F22C3862E000240831 = {
						CreatedOnToolsVersion = 15.4;
					};
					FEECFFDD2C395AA200292298 = {
						CreatedOnToolsVersion = 15.4;
					};
				};
			};
			buildConfigurationList = FEA1D5EE2C3862E000240831 /* Build configuration list for PBXProject "ContentCapsule" */;
			compatibilityVersion = "Xcode 14.0";
			developmentRegion = en;
			hasScannedForEncodings = 0;
			knownRegions = (
				en,
				Base,
			);
			mainGroup = FEA1D5EA2C3862E000240831;
			packageReferences = (
				FEA1D6062C38668400240831 /* XCRemoteSwiftPackageReference "firebase-ios-sdk" */,
			);
			productRefGroup = FEA1D5F42C3862E000240831 /* Products */;
			projectDirPath = "";
			projectRoot = "";
			targets = (
				FEA1D5F22C3862E000240831 /* ContentCapsule */,
				FEECFFDD2C395AA200292298 /* ContentCapsuleShareExtension */,
			);
		};
/* End PBXProject section */

/* Begin PBXResourcesBuildPhase section */
		FEA1D5F12C3862E000240831 /* Resources */ = {
			isa = PBXResourcesBuildPhase;
			buildActionMask = 2147483647;
			files = (
				FEA1D5FE2C3862E100240831 /* Preview Assets.xcassets in Resources */,
				FEA1D5FB2C3862E100240831 /* Assets.xcassets in Resources */,
				FEA1D6052C38661100240831 /* GoogleService-Info.plist in Resources */,
			);
			runOnlyForDeploymentPostprocessing = 0;
		};
		FEECFFDC2C395AA200292298 /* Resources */ = {
			isa = PBXResourcesBuildPhase;
			buildActionMask = 2147483647;
			files = (
				FEECFFE42C395AA300292298 /* Base in Resources */,
			);
			runOnlyForDeploymentPostprocessing = 0;
		};
/* End PBXResourcesBuildPhase section */

/* Begin PBXSourcesBuildPhase section */
		FEA1D5EF2C3862E000240831 /* Sources */ = {
			isa = PBXSourcesBuildPhase;
			buildActionMask = 2147483647;
			files = (
				FEECFFFF2C399C9D00292298 /* CoreDataStack.swift in Sources */,
				FEA1D6142C38716900240831 /* AuthView.swift in Sources */,
				FEA1D60E2C386E9000240831 /* SearchView.swift in Sources */,
				FEECFFD92C395A6F00292298 /* SavedContentListView.swift in Sources */,
				FEECFFEE2C395B5D00292298 /* ContentSavingService.swift in Sources */,
				FEA1D60C2C386E8000240831 /* HomeView.swift in Sources */,
				FEECFFFA2C399ABD00292298 /* SavedContent+CoreDataClass.swift in Sources */,
				FEECFFFB2C399ABD00292298 /* SavedContent+CoreDataProperties.swift in Sources */,
				FEECFFD32C39596300292298 /* ContentCapsule.xcdatamodeld in Sources */,
				FEECFFD02C3950B400292298 /* DesignSystem.swift in Sources */,
				FEA1D6102C386E9A00240831 /* SaveView.swift in Sources */,
				FEA1D6162C3871D400240831 /* UserProfile.swift in Sources */,
				FEA1D5F92C3862E000240831 /* ContentView.swift in Sources */,
				FEA1D6122C386EAB00240831 /* ProfileView.swift in Sources */,
				FEA1D5F72C3862E000240831 /* ContentCapsuleApp.swift in Sources */,
			);
			runOnlyForDeploymentPostprocessing = 0;
		};
		FEECFFDA2C395AA200292298 /* Sources */ = {
			isa = PBXSourcesBuildPhase;
			buildActionMask = 2147483647;
			files = (
				FEEC00002C399C9D00292298 /* CoreDataStack.swift in Sources */,
				FEECFFE12C395AA300292298 /* ShareViewController.swift in Sources */,
				FEEC00022C399D9200292298 /* ContentSavingService.swift in Sources */,
				FEECFFFC2C399ABD00292298 /* SavedContent+CoreDataClass.swift in Sources */,
				FEECFFFD2C399ABD00292298 /* SavedContent+CoreDataProperties.swift in Sources */,
			);
			runOnlyForDeploymentPostprocessing = 0;
		};
/* End PBXSourcesBuildPhase section */

/* Begin PBXTargetDependency section */
		FEECFFE72C395AA300292298 /* PBXTargetDependency */ = {
			isa = PBXTargetDependency;
			target = FEECFFDD2C395AA200292298 /* ContentCapsuleShareExtension */;
			targetProxy = FEECFFE62C395AA300292298 /* PBXContainerItemProxy */;
		};
/* End PBXTargetDependency section */

/* Begin PBXVariantGroup section */
		FEECFFE22C395AA300292298 /* MainInterface.storyboard */ = {
			isa = PBXVariantGroup;
			children = (
				FEECFFE32C395AA300292298 /* Base */,
			);
			name = MainInterface.storyboard;
			sourceTree = "<group>";
		};
/* End PBXVariantGroup section */

/* Begin XCBuildConfiguration section */
		FEA1D5FF2C3862E100240831 /* Debug */ = {
			isa = XCBuildConfiguration;
			buildSettings = {
				ALWAYS_SEARCH_USER_PATHS = NO;
				ASSETCATALOG_COMPILER_GENERATE_SWIFT_ASSET_SYMBOL_EXTENSIONS = YES;
				CLANG_ANALYZER_NONNULL = YES;
				CLANG_ANALYZER_NUMBER_OBJECT_CONVERSION = YES_AGGRESSIVE;
				CLANG_CXX_LANGUAGE_STANDARD = "gnu++20";
				CLANG_ENABLE_MODULES = YES;
				CLANG_ENABLE_OBJC_ARC = YES;
				CLANG_ENABLE_OBJC_WEAK = YES;
				CLANG_WARN_BLOCK_CAPTURE_AUTORELEASING = YES;
				CLANG_WARN_BOOL_CONVERSION = YES;
				CLANG_WARN_COMMA = YES;
				CLANG_WARN_CONSTANT_CONVERSION = YES;
				CLANG_WARN_DEPRECATED_OBJC_IMPLEMENTATIONS = YES;
				CLANG_WARN_DIRECT_OBJC_ISA_USAGE = YES_ERROR;
				CLANG_WARN_DOCUMENTATION_COMMENTS = YES;
				CLANG_WARN_EMPTY_BODY = YES;
				CLANG_WARN_ENUM_CONVERSION = YES;
				CLANG_WARN_INFINITE_RECURSION = YES;
				CLANG_WARN_INT_CONVERSION = YES;
				CLANG_WARN_NON_LITERAL_NULL_CONVERSION = YES;
				CLANG_WARN_OBJC_IMPLICIT_RETAIN_SELF = YES;
				CLANG_WARN_OBJC_LITERAL_CONVERSION = YES;
				CLANG_WARN_OBJC_ROOT_CLASS = YES_ERROR;
				CLANG_WARN_QUOTED_INCLUDE_IN_FRAMEWORK_HEADER = YES;
				CLANG_WARN_RANGE_LOOP_ANALYSIS = YES;
				CLANG_WARN_STRICT_PROTOTYPES = YES;
				CLANG_WARN_SUSPICIOUS_MOVE = YES;
				CLANG_WARN_UNGUARDED_AVAILABILITY = YES_AGGRESSIVE;
				CLANG_WARN_UNREACHABLE_CODE = YES;
				CLANG_WARN__DUPLICATE_METHOD_MATCH = YES;
				COPY_PHASE_STRIP = NO;
				DEBUG_INFORMATION_FORMAT = dwarf;
				ENABLE_STRICT_OBJC_MSGSEND = YES;
				ENABLE_TESTABILITY = YES;
				ENABLE_USER_SCRIPT_SANDBOXING = YES;
				GCC_C_LANGUAGE_STANDARD = gnu17;
				GCC_DYNAMIC_NO_PIC = NO;
				GCC_NO_COMMON_BLOCKS = YES;
				GCC_OPTIMIZATION_LEVEL = 0;
				GCC_PREPROCESSOR_DEFINITIONS = (
					"DEBUG=1",
					"$(inherited)",
				);
				GCC_WARN_64_TO_32_BIT_CONVERSION = YES;
				GCC_WARN_ABOUT_RETURN_TYPE = YES_ERROR;
				GCC_WARN_UNDECLARED_SELECTOR = YES;
				GCC_WARN_UNINITIALIZED_AUTOS = YES_AGGRESSIVE;
				GCC_WARN_UNUSED_FUNCTION = YES;
				GCC_WARN_UNUSED_VARIABLE = YES;
				IPHONEOS_DEPLOYMENT_TARGET = 17.5;
				LOCALIZATION_PREFERS_STRING_CATALOGS = YES;
				MTL_ENABLE_DEBUG_INFO = INCLUDE_SOURCE;
				MTL_FAST_MATH = YES;
				ONLY_ACTIVE_ARCH = YES;
				SDKROOT = iphoneos;
				SWIFT_ACTIVE_COMPILATION_CONDITIONS = "DEBUG $(inherited)";
				SWIFT_OPTIMIZATION_LEVEL = "-Onone";
			};
			name = Debug;
		};
		FEA1D6002C3862E100240831 /* Release */ = {
			isa = XCBuildConfiguration;
			buildSettings = {
				ALWAYS_SEARCH_USER_PATHS = NO;
				ASSETCATALOG_COMPILER_GENERATE_SWIFT_ASSET_SYMBOL_EXTENSIONS = YES;
				CLANG_ANALYZER_NONNULL = YES;
				CLANG_ANALYZER_NUMBER_OBJECT_CONVERSION = YES_AGGRESSIVE;
				CLANG_CXX_LANGUAGE_STANDARD = "gnu++20";
				CLANG_ENABLE_MODULES = YES;
				CLANG_ENABLE_OBJC_ARC = YES;
				CLANG_ENABLE_OBJC_WEAK = YES;
				CLANG_WARN_BLOCK_CAPTURE_AUTORELEASING = YES;
				CLANG_WARN_BOOL_CONVERSION = YES;
				CLANG_WARN_COMMA = YES;
				CLANG_WARN_CONSTANT_CONVERSION = YES;
				CLANG_WARN_DEPRECATED_OBJC_IMPLEMENTATIONS = YES;
				CLANG_WARN_DIRECT_OBJC_ISA_USAGE = YES_ERROR;
				CLANG_WARN_DOCUMENTATION_COMMENTS = YES;
				CLANG_WARN_EMPTY_BODY = YES;
				CLANG_WARN_ENUM_CONVERSION = YES;
				CLANG_WARN_INFINITE_RECURSION = YES;
				CLANG_WARN_INT_CONVERSION = YES;
				CLANG_WARN_NON_LITERAL_NULL_CONVERSION = YES;
				CLANG_WARN_OBJC_IMPLICIT_RETAIN_SELF = YES;
				CLANG_WARN_OBJC_LITERAL_CONVERSION = YES;
				CLANG_WARN_OBJC_ROOT_CLASS = YES_ERROR;
				CLANG_WARN_QUOTED_INCLUDE_IN_FRAMEWORK_HEADER = YES;
				CLANG_WARN_RANGE_LOOP_ANALYSIS = YES;
				CLANG_WARN_STRICT_PROTOTYPES = YES;
				CLANG_WARN_SUSPICIOUS_MOVE = YES;
				CLANG_WARN_UNGUARDED_AVAILABILITY = YES_AGGRESSIVE;
				CLANG_WARN_UNREACHABLE_CODE = YES;
				CLANG_WARN__DUPLICATE_METHOD_MATCH = YES;
				COPY_PHASE_STRIP = NO;
				DEBUG_INFORMATION_FORMAT = "dwarf-with-dsym";
				ENABLE_NS_ASSERTIONS = NO;
				ENABLE_STRICT_OBJC_MSGSEND = YES;
				ENABLE_USER_SCRIPT_SANDBOXING = YES;
				GCC_C_LANGUAGE_STANDARD = gnu17;
				GCC_NO_COMMON_BLOCKS = YES;
				GCC_WARN_64_TO_32_BIT_CONVERSION = YES;
				GCC_WARN_ABOUT_RETURN_TYPE = YES_ERROR;
				GCC_WARN_UNDECLARED_SELECTOR = YES;
				GCC_WARN_UNINITIALIZED_AUTOS = YES_AGGRESSIVE;
				GCC_WARN_UNUSED_FUNCTION = YES;
				GCC_WARN_UNUSED_VARIABLE = YES;
				IPHONEOS_DEPLOYMENT_TARGET = 17.5;
				LOCALIZATION_PREFERS_STRING_CATALOGS = YES;
				MTL_ENABLE_DEBUG_INFO = NO;
				MTL_FAST_MATH = YES;
				SDKROOT = iphoneos;
				SWIFT_COMPILATION_MODE = wholemodule;
				VALIDATE_PRODUCT = YES;
			};
			name = Release;
		};
		FEA1D6022C3862E100240831 /* Debug */ = {
			isa = XCBuildConfiguration;
			buildSettings = {
				ALWAYS_EMBED_SWIFT_STANDARD_LIBRARIES = YES;
				ASSETCATALOG_COMPILER_APPICON_NAME = AppIcon;
				ASSETCATALOG_COMPILER_GLOBAL_ACCENT_COLOR_NAME = AccentColor;
				CODE_SIGN_ENTITLEMENTS = ContentCapsule/ContentCapsule.entitlements;
				CODE_SIGN_STYLE = Automatic;
				CURRENT_PROJECT_VERSION = 1;
				DEVELOPMENT_ASSET_PATHS = "\"ContentCapsule/Preview Content\"";
				DEVELOPMENT_TEAM = Y65PT725W3;
				ENABLE_PREVIEWS = YES;
				GENERATE_INFOPLIST_FILE = NO;
				INFOPLIST_FILE = ContentCapsule/Info.plist;
				INFOPLIST_KEY_UIApplicationSceneManifest_Generation = YES;
				INFOPLIST_KEY_UIApplicationSupportsIndirectInputEvents = YES;
				INFOPLIST_KEY_UILaunchScreen_Generation = YES;
				INFOPLIST_KEY_UISupportedInterfaceOrientations_iPad = "UIInterfaceOrientationPortrait UIInterfaceOrientationPortraitUpsideDown UIInterfaceOrientationLandscapeLeft UIInterfaceOrientationLandscapeRight";
				INFOPLIST_KEY_UISupportedInterfaceOrientations_iPhone = "UIInterfaceOrientationPortrait UIInterfaceOrientationLandscapeLeft UIInterfaceOrientationLandscapeRight";
				LD_RUNPATH_SEARCH_PATHS = (
					"$(inherited)",
					"@executable_path/Frameworks",
				);
				MARKETING_VERSION = 1.0;
				PRODUCT_BUNDLE_IDENTIFIER = com.nick.ContentCapsule;
				PRODUCT_NAME = "$(TARGET_NAME)";
				SWIFT_EMIT_LOC_STRINGS = YES;
				SWIFT_VERSION = 5.0;
				TARGETED_DEVICE_FAMILY = "1,2";
			};
			name = Debug;
		};
		FEA1D6032C3862E100240831 /* Release */ = {
			isa = XCBuildConfiguration;
			buildSettings = {
				ALWAYS_EMBED_SWIFT_STANDARD_LIBRARIES = YES;
				ASSETCATALOG_COMPILER_APPICON_NAME = AppIcon;
				ASSETCATALOG_COMPILER_GLOBAL_ACCENT_COLOR_NAME = AccentColor;
				CODE_SIGN_ENTITLEMENTS = ContentCapsule/ContentCapsule.entitlements;
				CODE_SIGN_STYLE = Automatic;
				CURRENT_PROJECT_VERSION = 1;
				DEVELOPMENT_ASSET_PATHS = "\"ContentCapsule/Preview Content\"";
				DEVELOPMENT_TEAM = Y65PT725W3;
				ENABLE_PREVIEWS = YES;
				GENERATE_INFOPLIST_FILE = NO;
				INFOPLIST_FILE = ContentCapsule/Info.plist;
				INFOPLIST_KEY_UIApplicationSceneManifest_Generation = YES;
				INFOPLIST_KEY_UIApplicationSupportsIndirectInputEvents = YES;
				INFOPLIST_KEY_UILaunchScreen_Generation = YES;
				INFOPLIST_KEY_UISupportedInterfaceOrientations_iPad = "UIInterfaceOrientationPortrait UIInterfaceOrientationPortraitUpsideDown UIInterfaceOrientationLandscapeLeft UIInterfaceOrientationLandscapeRight";
				INFOPLIST_KEY_UISupportedInterfaceOrientations_iPhone = "UIInterfaceOrientationPortrait UIInterfaceOrientationLandscapeLeft UIInterfaceOrientationLandscapeRight";
				LD_RUNPATH_SEARCH_PATHS = (
					"$(inherited)",
					"@executable_path/Frameworks",
				);
				MARKETING_VERSION = 1.0;
				PRODUCT_BUNDLE_IDENTIFIER = com.nick.ContentCapsule;
				PRODUCT_NAME = "$(TARGET_NAME)";
				SWIFT_EMIT_LOC_STRINGS = YES;
				SWIFT_VERSION = 5.0;
				TARGETED_DEVICE_FAMILY = "1,2";
			};
			name = Release;
		};
		FEECFFEA2C395AA300292298 /* Debug */ = {
			isa = XCBuildConfiguration;
			buildSettings = {
				CODE_SIGN_ENTITLEMENTS = ContentCapsuleShareExtension/ContentCapsuleShareExtension.entitlements;
				CODE_SIGN_STYLE = Automatic;
				CURRENT_PROJECT_VERSION = 1;
				DEVELOPMENT_TEAM = Y65PT725W3;
				GENERATE_INFOPLIST_FILE = YES;
				INFOPLIST_FILE = ContentCapsuleShareExtension/Info.plist;
				INFOPLIST_KEY_CFBundleDisplayName = ContentCapsuleShareExtension;
				INFOPLIST_KEY_NSHumanReadableCopyright = "";
				LD_RUNPATH_SEARCH_PATHS = (
					"$(inherited)",
					"@executable_path/Frameworks",
					"@executable_path/../../Frameworks",
				);
				MARKETING_VERSION = 1.0;
				PRODUCT_BUNDLE_IDENTIFIER = com.nick.ContentCapsule.ContentCapsuleShareExtension;
				PRODUCT_NAME = "$(TARGET_NAME)";
				SKIP_INSTALL = YES;
				SWIFT_EMIT_LOC_STRINGS = YES;
				SWIFT_VERSION = 5.0;
				TARGETED_DEVICE_FAMILY = "1,2";
			};
			name = Debug;
		};
		FEECFFEB2C395AA300292298 /* Release */ = {
			isa = XCBuildConfiguration;
			buildSettings = {
				CODE_SIGN_ENTITLEMENTS = ContentCapsuleShareExtension/ContentCapsuleShareExtension.entitlements;
				CODE_SIGN_STYLE = Automatic;
				CURRENT_PROJECT_VERSION = 1;
				DEVELOPMENT_TEAM = Y65PT725W3;
				GENERATE_INFOPLIST_FILE = YES;
				INFOPLIST_FILE = ContentCapsuleShareExtension/Info.plist;
				INFOPLIST_KEY_CFBundleDisplayName = ContentCapsuleShareExtension;
				INFOPLIST_KEY_NSHumanReadableCopyright = "";
				LD_RUNPATH_SEARCH_PATHS = (
					"$(inherited)",
					"@executable_path/Frameworks",
					"@executable_path/../../Frameworks",
				);
				MARKETING_VERSION = 1.0;
				PRODUCT_BUNDLE_IDENTIFIER = com.nick.ContentCapsule.ContentCapsuleShareExtension;
				PRODUCT_NAME = "$(TARGET_NAME)";
				SKIP_INSTALL = YES;
				SWIFT_EMIT_LOC_STRINGS = YES;
				SWIFT_VERSION = 5.0;
				TARGETED_DEVICE_FAMILY = "1,2";
			};
			name = Release;
		};
/* End XCBuildConfiguration section */

/* Begin XCConfigurationList section */
		FEA1D5EE2C3862E000240831 /* Build configuration list for PBXProject "ContentCapsule" */ = {
			isa = XCConfigurationList;
			buildConfigurations = (
				FEA1D5FF2C3862E100240831 /* Debug */,
				FEA1D6002C3862E100240831 /* Release */,
			);
			defaultConfigurationIsVisible = 0;
			defaultConfigurationName = Release;
		};
		FEA1D6012C3862E100240831 /* Build configuration list for PBXNativeTarget "ContentCapsule" */ = {
			isa = XCConfigurationList;
			buildConfigurations = (
				FEA1D6022C3862E100240831 /* Debug */,
				FEA1D6032C3862E100240831 /* Release */,
			);
			defaultConfigurationIsVisible = 0;
			defaultConfigurationName = Release;
		};
		FEECFFE92C395AA300292298 /* Build configuration list for PBXNativeTarget "ContentCapsuleShareExtension" */ = {
			isa = XCConfigurationList;
			buildConfigurations = (
				FEECFFEA2C395AA300292298 /* Debug */,
				FEECFFEB2C395AA300292298 /* Release */,
			);
			defaultConfigurationIsVisible = 0;
			defaultConfigurationName = Release;
		};
/* End XCConfigurationList section */

/* Begin XCRemoteSwiftPackageReference section */
		FEA1D6062C38668400240831 /* XCRemoteSwiftPackageReference "firebase-ios-sdk" */ = {
			isa = XCRemoteSwiftPackageReference;
			repositoryURL = "https://github.com/firebase/firebase-ios-sdk.git";
			requirement = {
				kind = upToNextMajorVersion;
				minimumVersion = 10.28.1;
			};
		};
/* End XCRemoteSwiftPackageReference section */

/* Begin XCSwiftPackageProductDependency section */
		FEA1D6072C38668400240831 /* FirebaseAuth */ = {
			isa = XCSwiftPackageProductDependency;
			package = FEA1D6062C38668400240831 /* XCRemoteSwiftPackageReference "firebase-ios-sdk" */;
			productName = FirebaseAuth;
		};
		FEA1D6092C38668400240831 /* FirebaseFirestore */ = {
			isa = XCSwiftPackageProductDependency;
			package = FEA1D6062C38668400240831 /* XCRemoteSwiftPackageReference "firebase-ios-sdk" */;
			productName = FirebaseFirestore;
		};
		FEA1D6172C3872B100240831 /* FirebaseFirestoreCombine-Community */ = {
			isa = XCSwiftPackageProductDependency;
			package = FEA1D6062C38668400240831 /* XCRemoteSwiftPackageReference "firebase-ios-sdk" */;
			productName = "FirebaseFirestoreCombine-Community";
		};
		FEA1D6192C3872B100240831 /* FirebaseFirestoreSwift */ = {
			isa = XCSwiftPackageProductDependency;
			package = FEA1D6062C38668400240831 /* XCRemoteSwiftPackageReference "firebase-ios-sdk" */;
			productName = FirebaseFirestoreSwift;
		};
		FEECFFF02C39996100292298 /* FirebaseAuth */ = {
			isa = XCSwiftPackageProductDependency;
			package = FEA1D6062C38668400240831 /* XCRemoteSwiftPackageReference "firebase-ios-sdk" */;
			productName = FirebaseAuth;
		};
		FEECFFF22C39996100292298 /* FirebaseFirestore */ = {
			isa = XCSwiftPackageProductDependency;
			package = FEA1D6062C38668400240831 /* XCRemoteSwiftPackageReference "firebase-ios-sdk" */;
			productName = FirebaseFirestore;
		};
		FEECFFF42C39996100292298 /* FirebaseFirestoreCombine-Community */ = {
			isa = XCSwiftPackageProductDependency;
			package = FEA1D6062C38668400240831 /* XCRemoteSwiftPackageReference "firebase-ios-sdk" */;
			productName = "FirebaseFirestoreCombine-Community";
		};
		FEECFFF62C39996100292298 /* FirebaseFirestoreSwift */ = {
			isa = XCSwiftPackageProductDependency;
			package = FEA1D6062C38668400240831 /* XCRemoteSwiftPackageReference "firebase-ios-sdk" */;
			productName = FirebaseFirestoreSwift;
		};
/* End XCSwiftPackageProductDependency section */

/* Begin XCVersionGroup section */
		FEECFFD12C39596300292298 /* ContentCapsule.xcdatamodeld */ = {
			isa = XCVersionGroup;
			children = (
				FEECFFD22C39596300292298 /* ContentCapsule.xcdatamodel */,
			);
			currentVersion = FEECFFD22C39596300292298 /* ContentCapsule.xcdatamodel */;
			path = ContentCapsule.xcdatamodeld;
			sourceTree = "<group>";
			versionGroupType = wrapper.xcdatamodel;
		};
/* End XCVersionGroup section */
	};
	rootObject = FEA1D5EB2C3862E000240831 /* Project object */;
}
